PODS:
  - Alamofire (4.9.0)
  - CTSlidingUpPanel (1.2.0)
  - MXPagerView (0.2.1)
  - MXParallaxHeader (1.0.0)
  - MXSegmentedControl (1.1.0)
  - MXSegmentedPager (4.0.0):
    - MXPagerView (~> 0.2)
    - MXParallaxHeader (~> 1.0)
    - MXSegmentedControl (~> 1.1)
  - SwiftGifOrigin (1.7.0)
  - SwiftyJSON (5.0.0)

DEPENDENCIES:
  - Alamofire
  - CTSlidingUpPanel
  - MXSegmentedPager
  - SwiftGifOrigin
  - SwiftyJSON

SPEC REPOS:
  https://github.com/CocoaPods/Specs.git:
    - Alamofire
    - MXPagerView
    - MXParallaxHeader
    - MXSegmentedControl
    - MXSegmentedPager
    - SwiftyJSON
  trunk:
    - CTSlidingUpPanel
    - SwiftGifOrigin

SPEC CHECKSUMS:
  Alamofire: afc3e7c6db61476cb45cdd23fed06bad03bbc321
  CTSlidingUpPanel: 339b11e3f6f2173f9cc21108fb127a6a849171d5
  MXPagerView: ede184b5191b2ed689ccf05a750a9978cce42414
  MXParallaxHeader: a95e0af1f485b1b718a6939f583f0dbae6992c41
  MXSegmentedControl: f39e46199a52cbc03b1c845e150215119f2542f5
  MXSegmentedPager: 527ee76513c96e6607eebe473fe49b7ab4971616
  SwiftGifOrigin: fbd6cf37afcfcf97a5c3db996ddc0492e5c5c145
  SwiftyJSON: 36413e04c44ee145039d332b4f4e2d3e8d6c4db7

PODFILE CHECKSUM: 4501adebd561359c487fffc8367c02cec28eda16

COCOAPODS: 1.8.0
